{
  "version": "5",
  "specifiers": {
    "jsr:@hono/hono@^4.8.0": "4.12.3",
    "jsr:@rethinkos/chat-base@0.2.0": "0.2.0",
    "npm:eventsource-parser@3": "3.1.0",
    "npm:json2md@^2.0.2": "2.0.3",
    "npm:jsonrepair@^3.12.0": "3.14.0",
    "npm:tokenx@~0.4.1": "0.4.1"
  },
  "jsr": {
    "@hono/hono@4.12.3": {
      "integrity": "53c2d99912626a8bc293d6f69649af8148961b05d44485f2c0ed3053657d324c"
    },
    "@rethinkos/chat-base@0.2.0": {
      "integrity": "6159529023845d7b5b51d57b193311250abc69a7e4280fd47a771025c0caccff",
      "dependencies": [
        "jsr:@hono/hono",
        "npm:eventsource-parser",
        "npm:jsonrepair",
        "npm:tokenx"
      ]
    }
  },
  "npm": {
    "eventsource-parser@3.1.0": {
      "integrity": "sha512-kJezFj9YFAMLeORyi7aCLxLbD5/qWMQnoMVlVPyHIll7lgRJCc3JVln9Vgl9nwQi0YkMnhdGTMNn7CkRRAptMg=="
    },
    "indento@1.1.14": {
      "integrity": "sha512-K4cK97v4M/ucCAbe3LUpg994folYL0WnEiCFxHXAIowKLbBb/Ahiazkz3Ao5gRar4i9pDr3imcpq4suOu0FbNw=="
    },
    "json2md@2.0.3": {
      "integrity": "sha512-ZPzh6Djvqz8grJMxKllfCHo0p+p7BsbZ1J95KcCJgvvfdoy7myuKrrkUp80Kpy+wGauykC0dYljLqLY0kENaOw==",
      "dependencies": [
        "indento"
      ]
    },
    "jsonrepair@3.14.0": {
      "integrity": "sha512-tWPGKMZf/8UPim+fcW2EfcQ/d/7aKUrP6IECz9G3Tu6Q5dX0orSleqJ9z6sSw7qrQkjF8/Edo4DvsWBZ8H+HNg==",
      "bin": true
    },
    "tokenx@0.4.1": {
      "integrity": "sha512-LCMniis0WsHel07xh3K9OIt5c9Xla1awtOoWBmUHZBQR7pvTvgGFuYpLiCZWohXPC1YuZORnN0+fCVYI/ie8Jg=="
    }
  },
  "workspace": {
    "dependencies": [
      "jsr:@rethinkos/chat-base@0.2.0",
      "npm:eventsource-parser@3",
      "npm:json2md@^2.0.2",
      "npm:tokenx@~0.4.1"
    ]
  }
}
