{
  "version": "5",
  "specifiers": {
    "jsr:@hono/hono@^4.8.0": "4.12.27",
    "jsr:@rethinkos/chat-base@0.3.0": "0.3.0",
    "npm:eventsource-parser@3": "3.1.0",
    "npm:json2md@^2.0.2": "2.0.3",
    "npm:jsonrepair@^3.12.0": "3.14.0",
    "npm:tokenx@~0.4.1": "0.4.1"
  },
  "jsr": {
    "@hono/hono@4.12.27": {
      "integrity": "3acc640592008e43f7048e8e53275203e0da84fbcd50201121195da7560583dc"
    },
    "@rethinkos/chat-base@0.3.0": {
      "integrity": "46022e95b122b865d9301a837cea18ab1a8e1896cbb748dbf6d70cc8e9dfce92",
      "dependencies": [
        "jsr:@hono/hono",
        "npm:eventsource-parser",
        "npm:jsonrepair",
        "npm:tokenx"
      ]
    }
  },
  "npm": {
    "eventsource-parser@3.1.0": {
      "integrity": "sha512-kJezFj9YFAMLeORyi7aCLxLbD5/qWMQnoMVlVPyHIll7lgRJCc3JVln9Vgl9nwQi0YkMnhdGTMNn7CkRRAptMg=="
    },
    "indento@1.1.14": {
      "integrity": "sha512-K4cK97v4M/ucCAbe3LUpg994folYL0WnEiCFxHXAIowKLbBb/Ahiazkz3Ao5gRar4i9pDr3imcpq4suOu0FbNw=="
    },
    "json2md@2.0.3": {
      "integrity": "sha512-ZPzh6Djvqz8grJMxKllfCHo0p+p7BsbZ1J95KcCJgvvfdoy7myuKrrkUp80Kpy+wGauykC0dYljLqLY0kENaOw==",
      "dependencies": [
        "indento"
      ]
    },
    "jsonrepair@3.14.0": {
      "integrity": "sha512-tWPGKMZf/8UPim+fcW2EfcQ/d/7aKUrP6IECz9G3Tu6Q5dX0orSleqJ9z6sSw7qrQkjF8/Edo4DvsWBZ8H+HNg==",
      "bin": true
    },
    "tokenx@0.4.1": {
      "integrity": "sha512-LCMniis0WsHel07xh3K9OIt5c9Xla1awtOoWBmUHZBQR7pvTvgGFuYpLiCZWohXPC1YuZORnN0+fCVYI/ie8Jg=="
    }
  },
  "workspace": {
    "dependencies": [
      "jsr:@rethinkos/chat-base@0.3.0",
      "npm:json2md@^2.0.2"
    ]
  }
}
